// !$*UTF8*$!
{
	archiveVersion = 1;
	classes = {
	};
	objectVersion = 50;
	objects = {

/* Begin PBXBuildFile section */
		BFE6D916276E2ACD0032556C /* AppDelegate.swift in Sources */ = {isa = PBXBuildFile; fileRef = BFE6D915276E2ACD0032556C /* AppDelegate.swift */; };
		BFE6D918276E2ACD0032556C /* SceneDelegate.swift in Sources */ = {isa = PBXBuildFile; fileRef = BFE6D917276E2ACD0032556C /* SceneDelegate.swift */; };
		BFE6D91D276E2ACE0032556C /* Main.storyboard in Resources */ = {isa = PBXBuildFile; fileRef = BFE6D91B276E2ACE0032556C /* Main.storyboard */; };
		BFE6D920276E2ACE0032556C /* SwiftCoreDataDemo.xcdatamodeld in Sources */ = {isa = PBXBuildFile; fileRef = BFE6D91E276E2ACE0032556C /* SwiftCoreDataDemo.xcdatamodeld */; };
		BFE6D922276E2AF40032556C /* Assets.xcassets in Resources */ = {isa = PBXBuildFile; fileRef = BFE6D921276E2AF40032556C /* Assets.xcassets */; };
		BFE6D925276E2AF40032556C /* LaunchScreen.storyboard in Resources */ = {isa = PBXBuildFile; fileRef = BFE6D923276E2AF40032556C /* LaunchScreen.storyboard */; };
		BFE6D92D276E2C960032556C /* TableViewController.swift in Sources */ = {isa = PBXBuildFile; fileRef = BFE6D92C276E2C960032556C /* TableViewController.swift */; };
/* End PBXBuildFile section */

/* Begin PBXFileReference section */
		BFE6D912276E2ACD0032556C /* SwiftCoreDataDemo.app */ = {isa = PBXFileReference; explicitFileType = wrapper.application; includeInIndex = 0; path = SwiftCoreDataDemo.app; sourceTree = BUILT_PRODUCTS_DIR; };
		BFE6D915276E2ACD0032556C /* AppDelegate.swift */ = {isa = PBXFileReference; lastKnownFileType = sourcecode.swift; path = AppDelegate.swift; sourceTree = "<group>"; };
		BFE6D917276E2ACD0032556C /* SceneDelegate.swift */ = {isa = PBXFileReference; lastKnownFileType = sourcecode.swift; path = SceneDelegate.swift; sourceTree = "<group>"; };
		BFE6D91C276E2ACE0032556C /* Base */ = {isa = PBXFileReference; lastKnownFileType = file.storyboard; name = Base; path = Base.lproj/Main.storyboard; sourceTree = "<group>"; };
		BFE6D91F276E2ACE0032556C /* SwiftCoreDataDemo.xcdatamodel */ = {isa = PBXFileReference; lastKnownFileType = wrapper.xcdatamodel; path = SwiftCoreDataDemo.xcdatamodel; sourceTree = "<group>"; };
		BFE6D921276E2AF40032556C /* Assets.xcassets */ = {isa = PBXFileReference; lastKnownFileType = folder.assetcatalog; path = Assets.xcassets; sourceTree = "<group>"; };
		BFE6D924276E2AF40032556C /* Base */ = {isa = PBXFileReference; lastKnownFileType = file.storyboard; name = Base; path = Base.lproj/LaunchScreen.storyboard; sourceTree = "<group>"; };
		BFE6D926276E2AF40032556C /* Info.plist */ = {isa = PBXFileReference; lastKnownFileType = text.plist.xml; path = Info.plist; sourceTree = "<group>"; };
		BFE6D92C276E2C960032556C /* TableViewController.swift */ = {isa = PBXFileReference; lastKnownFileType = sourcecode.swift; path = TableViewController.swift; sourceTree = "<group>"; };
/* End PBXFileReference section */

/* Begin PBXFrameworksBuildPhase section */
		BFE6D90F276E2ACD0032556C /* Frameworks */ = {
			isa = PBXFrameworksBuildPhase;
			buildActionMask = 2147483647;
			files = (
			);
			runOnlyForDeploymentPostprocessing = 0;
		};
/* End PBXFrameworksBuildPhase section */

/* Begin PBXGroup section */
		BFE6D909276E2ACD0032556C = {
			isa = PBXGroup;
			children = (
				BFE6D914276E2ACD0032556C /* SwiftCoreDataDemo */,
				BFE6D913276E2ACD0032556C /* Products */,
			);
			sourceTree = "<group>";
		};
		BFE6D913276E2ACD0032556C /* Products */ = {
			isa = PBXGroup;
			children = (
				BFE6D912276E2ACD0032556C /* SwiftCoreDataDemo.app */,
			);
			name = Products;
			sourceTree = "<group>";
		};
		BFE6D914276E2ACD0032556C /* SwiftCoreDataDemo */ = {
			isa = PBXGroup;
			children = (
				BFE6D92C276E2C960032556C /* TableViewController.swift */,
				BFE6D915276E2ACD0032556C /* AppDelegate.swift */,
				BFE6D917276E2ACD0032556C /* SceneDelegate.swift */,
				BFE6D91B276E2ACE0032556C /* Main.storyboard */,
				BFE6D921276E2AF40032556C /* Assets.xcassets */,
				BFE6D923276E2AF40032556C /* LaunchScreen.storyboard */,
				BFE6D926276E2AF40032556C /* Info.plist */,
				BFE6D91E276E2ACE0032556C /* SwiftCoreDataDemo.xcdatamodeld */,
			);
			path = SwiftCoreDataDemo;
			sourceTree = "<group>";
		};
/* End PBXGroup section */

/* Begin PBXNativeTarget section */
		BFE6D911276E2ACD0032556C /* SwiftCoreDataDemo */ = {
			isa = PBXNativeTarget;
			buildConfigurationList = BFE6D929276E2AF40032556C /* Build configuration list for PBXNativeTarget "SwiftCoreDataDemo" */;
			buildPhases = (
				BFE6D90E276E2ACD0032556C /* Sources */,
				BFE6D90F276E2ACD0032556C /* Frameworks */,
				BFE6D910276E2ACD0032556C /* Resources */,
			);
			buildRules = (
			);
			dependencies = (
			);
			name = SwiftCoreDataDemo;
			productName = SwiftCoreDataDemo;
			productReference = BFE6D912276E2ACD0032556C /* SwiftCoreDataDemo.app */;
			productType = "com.apple.product-type.application";
		};
/* End PBXNativeTarget section */

/* Begin PBXProject section */
		BFE6D90A276E2ACD0032556C /* Project object */ = {
			isa = PBXProject;
			attributes = {
				LastSwiftUpdateCheck = 1250;
				LastUpgradeCheck = 1250;
				TargetAttributes = {
					BFE6D911276E2ACD0032556C = {
						CreatedOnToolsVersion = 12.5;
					};
				};
			};
			buildConfigurationList = BFE6D90D276E2ACD0032556C /* Build configuration list for PBXProject "SwiftCoreDataDemo" */;
			compatibilityVersion = "Xcode 9.3";
			developmentRegion = en;
			hasScannedForEncodings = 0;
			knownRegions = (
				en,
				Base,
			);
			mainGroup = BFE6D909276E2ACD0032556C;
			productRefGroup = BFE6D913276E2ACD0032556C /* Products */;
			projectDirPath = "";
			projectRoot = "";
			targets = (
				BFE6D911276E2ACD0032556C /* SwiftCoreDataDemo */,
			);
		};
/* End PBXProject section */

/* Begin PBXResourcesBuildPhase section */
		BFE6D910276E2ACD0032556C /* Resources */ = {
			isa = PBXResourcesBuildPhase;
			buildActionMask = 2147483647;
			files = (
				BFE6D925276E2AF40032556C /* LaunchScreen.storyboard in Resources */,
				BFE6D922276E2AF40032556C /* Assets.xcassets in Resources */,
				BFE6D91D276E2ACE0032556C /* Main.storyboard in Resources */,
			);
			runOnlyForDeploymentPostprocessing = 0;
		};
/* End PBXResourcesBuildPhase section */

/* Begin PBXSourcesBuildPhase section */
		BFE6D90E276E2ACD0032556C /* Sources */ = {
			isa = PBXSourcesBuildPhase;
			buildActionMask = 2147483647;
			files = (
				BFE6D916276E2ACD0032556C /* AppDelegate.swift in Sources */,
				BFE6D918276E2ACD0032556C /* SceneDelegate.swift in Sources */,
				BFE6D920276E2ACE0032556C /* SwiftCoreDataDemo.xcdatamodeld in Sources */,
				BFE6D92D276E2C960032556C /* TableViewController.swift in Sources */,
			);
			runOnlyForDeploymentPostprocessing = 0;
		};
/* End PBXSourcesBuildPhase section */

/* Begin PBXVariantGroup section */
		BFE6D91B276E2ACE0032556C /* Main.storyboard */ = {
			isa = PBXVariantGroup;
			children = (
				BFE6D91C276E2ACE0032556C /* Base */,
			);
			name = Main.storyboard;
			sourceTree = "<group>";
		};
		BFE6D923276E2AF40032556C /* LaunchScreen.storyboard */ = {
			isa = PBXVariantGroup;
			children = (
				BFE6D924276E2AF40032556C /* Base */,
			);
			name = LaunchScreen.storyboard;
			sourceTree = "<group>";
		};
/* End PBXVariantGroup section */

/* Begin XCBuildConfiguration section */
		BFE6D927276E2AF40032556C /* Debug */ = {
			isa = XCBuildConfiguration;
			buildSettings = {
				ALWAYS_SEARCH_USER_PATHS = NO;
				CLANG_ANALYZER_NONNULL = YES;
				CLANG_ANALYZER_NUMBER_OBJECT_CONVERSION = YES_AGGRESSIVE;
				CLANG_CXX_LANGUAGE_STANDARD = "gnu++14";
				CLANG_CXX_LIBRARY = "libc++";
				CLANG_ENABLE_MODULES = YES;
				CLANG_ENABLE_OBJC_ARC = YES;
				CLANG_ENABLE_OBJC_WEAK = YES;
				CLANG_WARN_BLOCK_CAPTURE_AUTORELEASING = YES;
				CLANG_WARN_BOOL_CONVERSION = YES;
				CLANG_WARN_COMMA = YES;
				CLANG_WARN_CONSTANT_CONVERSION = YES;
				CLANG_WARN_DEPRECATED_OBJC_IMPLEMENTATIONS = YES;
				CLANG_WARN_DIRECT_OBJC_ISA_USAGE = YES_ERROR;
				CLANG_WARN_DOCUMENTATION_COMMENTS = YES;
				CLANG_WARN_EMPTY_BODY = YES;
				CLANG_WARN_ENUM_CONVERSION = YES;
				CLANG_WARN_INFINITE_RECURSION = YES;
				CLANG_WARN_INT_CONVERSION = YES;
				CLANG_WARN_NON_LITERAL_NULL_CONVERSION = YES;
				CLANG_WARN_OBJC_IMPLICIT_RETAIN_SELF = YES;
				CLANG_WARN_OBJC_LITERAL_CONVERSION = YES;
				CLANG_WARN_OBJC_ROOT_CLASS = YES_ERROR;
				CLANG_WARN_QUOTED_INCLUDE_IN_FRAMEWORK_HEADER = YES;
				CLANG_WARN_RANGE_LOOP_ANALYSIS = YES;
				CLANG_WARN_STRICT_PROTOTYPES = YES;
				CLANG_WARN_SUSPICIOUS_MOVE = YES;
				CLANG_WARN_UNGUARDED_AVAILABILITY = YES_AGGRESSIVE;
				CLANG_WARN_UNREACHABLE_CODE = YES;
				CLANG_WARN__DUPLICATE_METHOD_MATCH = YES;
				COPY_PHASE_STRIP = NO;
				DEBUG_INFORMATION_FORMAT = dwarf;
				ENABLE_STRICT_OBJC_MSGSEND = YES;
				ENABLE_TESTABILITY = YES;
				GCC_C_LANGUAGE_STANDARD = gnu11;
				GCC_DYNAMIC_NO_PIC = NO;
				GCC_NO_COMMON_BLOCKS = YES;
				GCC_OPTIMIZATION_LEVEL = 0;
				GCC_PREPROCESSOR_DEFINITIONS = (
					"DEBUG=1",
					"$(inherited)",
				);
				GCC_WARN_64_TO_32_BIT_CONVERSION = YES;
				GCC_WARN_ABOUT_RETURN_TYPE = YES_ERROR;
				GCC_WARN_UNDECLARED_SELECTOR = YES;
				GCC_WARN_UNINITIALIZED_AUTOS = YES_AGGRESSIVE;
				GCC_WARN_UNUSED_FUNCTION = YES;
				GCC_WARN_UNUSED_VARIABLE = YES;
				IPHONEOS_DEPLOYMENT_TARGET = 14.5;
				MTL_ENABLE_DEBUG_INFO = INCLUDE_SOURCE;
				MTL_FAST_MATH = YES;
				ONLY_ACTIVE_ARCH = YES;
				SDKROOT = iphoneos;
				SWIFT_ACTIVE_COMPILATION_CONDITIONS = DEBUG;
				SWIFT_OPTIMIZATION_LEVEL = "-Onone";
			};
			name = Debug;
		};
		BFE6D928276E2AF40032556C /* Release */ = {
			isa = XCBuildConfiguration;
			buildSettings = {
				ALWAYS_SEARCH_USER_PATHS = NO;
				CLANG_ANALYZER_NONNULL = YES;
				CLANG_ANALYZER_NUMBER_OBJECT_CONVERSION = YES_AGGRESSIVE;
				CLANG_CXX_LANGUAGE_STANDARD = "gnu++14";
				CLANG_CXX_LIBRARY = "libc++";
				CLANG_ENABLE_MODULES = YES;
				CLANG_ENABLE_OBJC_ARC = YES;
				CLANG_ENABLE_OBJC_WEAK = YES;
				CLANG_WARN_BLOCK_CAPTURE_AUTORELEASING = YES;
				CLANG_WARN_BOOL_CONVERSION = YES;
				CLANG_WARN_COMMA = YES;
				CLANG_WARN_CONSTANT_CONVERSION = YES;
				CLANG_WARN_DEPRECATED_OBJC_IMPLEMENTATIONS = YES;
				CLANG_WARN_DIRECT_OBJC_ISA_USAGE = YES_ERROR;
				CLANG_WARN_DOCUMENTATION_COMMENTS = YES;
				CLANG_WARN_EMPTY_BODY = YES;
				CLANG_WARN_ENUM_CONVERSION = YES;
				CLANG_WARN_INFINITE_RECURSION = YES;
				CLANG_WARN_INT_CONVERSION = YES;
				CLANG_WARN_NON_LITERAL_NULL_CONVERSION = YES;
				CLANG_WARN_OBJC_IMPLICIT_RETAIN_SELF = YES;
				CLANG_WARN_OBJC_LITERAL_CONVERSION = YES;
				CLANG_WARN_OBJC_ROOT_CLASS = YES_ERROR;
				CLANG_WARN_QUOTED_INCLUDE_IN_FRAMEWORK_HEADER = YES;
				CLANG_WARN_RANGE_LOOP_ANALYSIS = YES;
				CLANG_WARN_STRICT_PROTOTYPES = YES;
				CLANG_WARN_SUSPICIOUS_MOVE = YES;
				CLANG_WARN_UNGUARDED_AVAILABILITY = YES_AGGRESSIVE;
				CLANG_WARN_UNREACHABLE_CODE = YES;
				CLANG_WARN__DUPLICATE_METHOD_MATCH = YES;
				COPY_PHASE_STRIP = NO;
				DEBUG_INFORMATION_FORMAT = "dwarf-with-dsym";
				ENABLE_NS_ASSERTIONS = NO;
				ENABLE_STRICT_OBJC_MSGSEND = YES;
				GCC_C_LANGUAGE_STANDARD = gnu11;
				GCC_NO_COMMON_BLOCKS = YES;
				GCC_WARN_64_TO_32_BIT_CONVERSION = YES;
				GCC_WARN_ABOUT_RETURN_TYPE = YES_ERROR;
				GCC_WARN_UNDECLARED_SELECTOR = YES;
				GCC_WARN_UNINITIALIZED_AUTOS = YES_AGGRESSIVE;
				GCC_WARN_UNUSED_FUNCTION = YES;
				GCC_WARN_UNUSED_VARIABLE = YES;
				IPHONEOS_DEPLOYMENT_TARGET = 14.5;
				MTL_ENABLE_DEBUG_INFO = NO;
				MTL_FAST_MATH = YES;
				SDKROOT = iphoneos;
				SWIFT_COMPILATION_MODE = wholemodule;
				SWIFT_OPTIMIZATION_LEVEL = "-O";
				VALIDATE_PRODUCT = YES;
			};
			name = Release;
		};
		BFE6D92A276E2AF40032556C /* Debug */ = {
			isa = XCBuildConfiguration;
			buildSettings = {
				ASSETCATALOG_COMPILER_APPICON_NAME = AppIcon;
				ASSETCATALOG_COMPILER_GLOBAL_ACCENT_COLOR_NAME = AccentColor;
				CODE_SIGN_STYLE = Automatic;
				DEVELOPMENT_TEAM = HGNXB64TGD;
				INFOPLIST_FILE = SwiftCoreDataDemo/Info.plist;
				LD_RUNPATH_SEARCH_PATHS = (
					"$(inherited)",
					"@executable_path/Frameworks",
				);
				PRODUCT_BUNDLE_IDENTIFIER = max.com.SwiftCoreDataDemo;
				PRODUCT_NAME = "$(TARGET_NAME)";
				SWIFT_VERSION = 5.0;
				TARGETED_DEVICE_FAMILY = "1,2";
			};
			name = Debug;
		};
		BFE6D92B276E2AF40032556C /* Release */ = {
			isa = XCBuildConfiguration;
			buildSettings = {
				ASSETCATALOG_COMPILER_APPICON_NAME = AppIcon;
				ASSETCATALOG_COMPILER_GLOBAL_ACCENT_COLOR_NAME = AccentColor;
				CODE_SIGN_STYLE = Automatic;
				DEVELOPMENT_TEAM = HGNXB64TGD;
				INFOPLIST_FILE = SwiftCoreDataDemo/Info.plist;
				LD_RUNPATH_SEARCH_PATHS = (
					"$(inherited)",
					"@executable_path/Frameworks",
				);
				PRODUCT_BUNDLE_IDENTIFIER = max.com.SwiftCoreDataDemo;
				PRODUCT_NAME = "$(TARGET_NAME)";
				SWIFT_VERSION = 5.0;
				TARGETED_DEVICE_FAMILY = "1,2";
			};
			name = Release;
		};
/* End XCBuildConfiguration section */

/* Begin XCConfigurationList section */
		BFE6D90D276E2ACD0032556C /* Build configuration list for PBXProject "SwiftCoreDataDemo" */ = {
			isa = XCConfigurationList;
			buildConfigurations = (
				BFE6D927276E2AF40032556C /* Debug */,
				BFE6D928276E2AF40032556C /* Release */,
			);
			defaultConfigurationIsVisible = 0;
			defaultConfigurationName = Release;
		};
		BFE6D929276E2AF40032556C /* Build configuration list for PBXNativeTarget "SwiftCoreDataDemo" */ = {
			isa = XCConfigurationList;
			buildConfigurations = (
				BFE6D92A276E2AF40032556C /* Debug */,
				BFE6D92B276E2AF40032556C /* Release */,
			);
			defaultConfigurationIsVisible = 0;
			defaultConfigurationName = Release;
		};
/* End XCConfigurationList section */

/* Begin XCVersionGroup section */
		BFE6D91E276E2ACE0032556C /* SwiftCoreDataDemo.xcdatamodeld */ = {
			isa = XCVersionGroup;
			children = (
				BFE6D91F276E2ACE0032556C /* SwiftCoreDataDemo.xcdatamodel */,
			);
			currentVersion = BFE6D91F276E2ACE0032556C /* SwiftCoreDataDemo.xcdatamodel */;
			path = SwiftCoreDataDemo.xcdatamodeld;
			sourceTree = "<group>";
			versionGroupType = wrapper.xcdatamodel;
		};
/* End XCVersionGroup section */
	};
	rootObject = BFE6D90A276E2ACD0032556C /* Project object */;
}
